// !$*UTF8*$!
{
	archiveVersion = 1;
	classes = {
	};
	objectVersion = 46;
	objects = {

/* Begin PBXBuildFile section */
		0ADD6AEC1DF2564B0050433B /* main.cpp in Sources */ = {isa = PBXBuildFile; fileRef = 0ADD6AEB1DF2564B0050433B /* main.cpp */; };
		0ADD6AF41DF257B40050433B /* GLUT.framework in Frameworks */ = {isa = PBXBuildFile; fileRef = 0ADD6AF31DF257B40050433B /* GLUT.framework */; };
		0ADD6AF61DF257C30050433B /* OpenGL.framework in Frameworks */ = {isa = PBXBuildFile; fileRef = 0ADD6AF51DF257C30050433B /* OpenGL.framework */; };
/* End PBXBuildFile section */

/* Begin PBXCopyFilesBuildPhase section */
		0ADD6AE61DF2564A0050433B /* CopyFiles */ = {
			isa = PBXCopyFilesBuildPhase;
			buildActionMask = 2147483647;
			dstPath = /usr/share/man/man1/;
			dstSubfolderSpec = 0;
			files = (
			);
			runOnlyForDeploymentPostprocessing = 1;
		};
/* End PBXCopyFilesBuildPhase section */

/* Begin PBXFileReference section */
		0ADD6AE81DF2564B0050433B /* final-project */ = {isa = PBXFileReference; explicitFileType = "compiled.mach-o.executable"; includeInIndex = 0; path = "final-project"; sourceTree = BUILT_PRODUCTS_DIR; };
		0ADD6AEB1DF2564B0050433B /* main.cpp */ = {isa = PBXFileReference; lastKnownFileType = sourcecode.cpp.cpp; path = main.cpp; sourceTree = "<group>"; };
		0ADD6AF31DF257B40050433B /* GLUT.framework */ = {isa = PBXFileReference; lastKnownFileType = wrapper.framework; name = GLUT.framework; path = System/Library/Frameworks/GLUT.framework; sourceTree = SDKROOT; };
		0ADD6AF51DF257C30050433B /* OpenGL.framework */ = {isa = PBXFileReference; lastKnownFileType = wrapper.framework; name = OpenGL.framework; path = System/Library/Frameworks/OpenGL.framework; sourceTree = SDKROOT; };
		0ADD6AF81DF258DB0050433B /* glut.h */ = {isa = PBXFileReference; lastKnownFileType = sourcecode.c.h; path = glut.h; sourceTree = "<group>"; };
/* End PBXFileReference section */

/* Begin PBXFrameworksBuildPhase section */
		0ADD6AE51DF2564A0050433B /* Frameworks */ = {
			isa = PBXFrameworksBuildPhase;
			buildActionMask = 2147483647;
			files = (
				0ADD6AF61DF257C30050433B /* OpenGL.framework in Frameworks */,
				0ADD6AF41DF257B40050433B /* GLUT.framework in Frameworks */,
			);
			runOnlyForDeploymentPostprocessing = 0;
		};
/* End PBXFrameworksBuildPhase section */

/* Begin PBXGroup section */
		0ADD6ADF1DF2564A0050433B = {
			isa = PBXGroup;
			children = (
				0ADD6AEA1DF2564B0050433B /* final-project */,
				0ADD6AE91DF2564B0050433B /* Products */,
				0ADD6AF21DF257B40050433B /* Frameworks */,
			);
			sourceTree = "<group>";
		};
		0ADD6AE91DF2564B0050433B /* Products */ = {
			isa = PBXGroup;
			children = (
				0ADD6AE81DF2564B0050433B /* final-project */,
			);
			name = Products;
			sourceTree = "<group>";
		};
		0ADD6AEA1DF2564B0050433B /* final-project */ = {
			isa = PBXGroup;
			children = (
				0ADD6AF81DF258DB0050433B /* glut.h */,
				0ADD6AEB1DF2564B0050433B /* main.cpp */,
			);
			path = "final-project";
			sourceTree = "<group>";
		};
		0ADD6AF21DF257B40050433B /* Frameworks */ = {
			isa = PBXGroup;
			children = (
				0ADD6AF51DF257C30050433B /* OpenGL.framework */,
				0ADD6AF31DF257B40050433B /* GLUT.framework */,
			);
			name = Frameworks;
			sourceTree = "<group>";
		};
/* End PBXGroup section */

/* Begin PBXNativeTarget section */
		0ADD6AE71DF2564A0050433B /* final-project */ = {
			isa = PBXNativeTarget;
			buildConfigurationList = 0ADD6AEF1DF2564B0050433B /* Build configuration list for PBXNativeTarget "final-project" */;
			buildPhases = (
				0ADD6AE41DF2564A0050433B /* Sources */,
				0ADD6AE51DF2564A0050433B /* Frameworks */,
				0ADD6AE61DF2564A0050433B /* CopyFiles */,
			);
			buildRules = (
			);
			dependencies = (
			);
			name = "final-project";
			productName = "final-project";
			productReference = 0ADD6AE81DF2564B0050433B /* final-project */;
			productType = "com.apple.product-type.tool";
		};
/* End PBXNativeTarget section */

/* Begin PBXProject section */
		0ADD6AE01DF2564A0050433B /* Project object */ = {
			isa = PBXProject;
			attributes = {
				LastUpgradeCheck = 0810;
				ORGANIZATIONNAME = "Kevin Stine";
				TargetAttributes = {
					0ADD6AE71DF2564A0050433B = {
						CreatedOnToolsVersion = 8.1;
						DevelopmentTeam = SG9F2QBA8C;
						ProvisioningStyle = Automatic;
					};
				};
			};
			buildConfigurationList = 0ADD6AE31DF2564A0050433B /* Build configuration list for PBXProject "final-project" */;
			compatibilityVersion = "Xcode 3.2";
			developmentRegion = English;
			hasScannedForEncodings = 0;
			knownRegions = (
				en,
			);
			mainGroup = 0ADD6ADF1DF2564A0050433B;
			productRefGroup = 0ADD6AE91DF2564B0050433B /* Products */;
			projectDirPath = "";
			projectRoot = "";
			targets = (
				0ADD6AE71DF2564A0050433B /* final-project */,
			);
		};
/* End PBXProject section */

/* Begin PBXSourcesBuildPhase section */
		0ADD6AE41DF2564A0050433B /* Sources */ = {
			isa = PBXSourcesBuildPhase;
			buildActionMask = 2147483647;
			files = (
				0ADD6AEC1DF2564B0050433B /* main.cpp in Sources */,
			);
			runOnlyForDeploymentPostprocessing = 0;
		};
/* End PBXSourcesBuildPhase section */

/* Begin XCBuildConfiguration section */
		0ADD6AED1DF2564B0050433B /* Debug */ = {
			isa = XCBuildConfiguration;
			buildSettings = {
				ALWAYS_SEARCH_USER_PATHS = NO;
				CLANG_ANALYZER_NONNULL = YES;
				CLANG_CXX_LANGUAGE_STANDARD = "gnu++0x";
				CLANG_CXX_LIBRARY = "libc++";
				CLANG_ENABLE_MODULES = YES;
				CLANG_ENABLE_OBJC_ARC = YES;
				CLANG_WARN_BOOL_CONVERSION = YES;
				CLANG_WARN_CONSTANT_CONVERSION = YES;
				CLANG_WARN_DIRECT_OBJC_ISA_USAGE = YES_ERROR;
				CLANG_WARN_DOCUMENTATION_COMMENTS = YES;
				CLANG_WARN_EMPTY_BODY = YES;
				CLANG_WARN_ENUM_CONVERSION = YES;
				CLANG_WARN_INFINITE_RECURSION = YES;
				CLANG_WARN_INT_CONVERSION = YES;
				CLANG_WARN_OBJC_ROOT_CLASS = YES_ERROR;
				CLANG_WARN_SUSPICIOUS_MOVES = YES;
				CLANG_WARN_UNREACHABLE_CODE = YES;
				CLANG_WARN__DUPLICATE_METHOD_MATCH = YES;
				CODE_SIGN_IDENTITY = "-";
				COPY_PHASE_STRIP = NO;
				DEBUG_INFORMATION_FORMAT = dwarf;
				ENABLE_STRICT_OBJC_MSGSEND = YES;
				ENABLE_TESTABILITY = YES;
				GCC_C_LANGUAGE_STANDARD = gnu99;
				GCC_DYNAMIC_NO_PIC = NO;
				GCC_NO_COMMON_BLOCKS = YES;
				GCC_OPTIMIZATION_LEVEL = 0;
				GCC_PREPROCESSOR_DEFINITIONS = (
					"DEBUG=1",
					"$(inherited)",
				);
				GCC_WARN_64_TO_32_BIT_CONVERSION = YES;
				GCC_WARN_ABOUT_RETURN_TYPE = YES_ERROR;
				GCC_WARN_UNDECLARED_SELECTOR = YES;
				GCC_WARN_UNINITIALIZED_AUTOS = YES_AGGRESSIVE;
				GCC_WARN_UNUSED_FUNCTION = YES;
				GCC_WARN_UNUSED_VARIABLE = YES;
				MACOSX_DEPLOYMENT_TARGET = 10.12;
				MTL_ENABLE_DEBUG_INFO = YES;
				ONLY_ACTIVE_ARCH = YES;
				SDKROOT = macosx;
			};
			name = Debug;
		};
		0ADD6AEE1DF2564B0050433B /* Release */ = {
			isa = XCBuildConfiguration;
			buildSettings = {
				ALWAYS_SEARCH_USER_PATHS = NO;
				CLANG_ANALYZER_NONNULL = YES;
				CLANG_CXX_LANGUAGE_STANDARD = "gnu++0x";
				CLANG_CXX_LIBRARY = "libc++";
				CLANG_ENABLE_MODULES = YES;
				CLANG_ENABLE_OBJC_ARC = YES;
				CLANG_WARN_BOOL_CONVERSION = YES;
				CLANG_WARN_CONSTANT_CONVERSION = YES;
				CLANG_WARN_DIRECT_OBJC_ISA_USAGE = YES_ERROR;
				CLANG_WARN_DOCUMENTATION_COMMENTS = YES;
				CLANG_WARN_EMPTY_BODY = YES;
				CLANG_WARN_ENUM_CONVERSION = YES;
				CLANG_WARN_INFINITE_RECURSION = YES;
				CLANG_WARN_INT_CONVERSION = YES;
				CLANG_WARN_OBJC_ROOT_CLASS = YES_ERROR;
				CLANG_WARN_SUSPICIOUS_MOVES = YES;
				CLANG_WARN_UNREACHABLE_CODE = YES;
				CLANG_WARN__DUPLICATE_METHOD_MATCH = YES;
				CODE_SIGN_IDENTITY = "-";
				COPY_PHASE_STRIP = NO;
				DEBUG_INFORMATION_FORMAT = "dwarf-with-dsym";
				ENABLE_NS_ASSERTIONS = NO;
				ENABLE_STRICT_OBJC_MSGSEND = YES;
				GCC_C_LANGUAGE_STANDARD = gnu99;
				GCC_NO_COMMON_BLOCKS = YES;
				GCC_WARN_64_TO_32_BIT_CONVERSION = YES;
				GCC_WARN_ABOUT_RETURN_TYPE = YES_ERROR;
				GCC_WARN_UNDECLARED_SELECTOR = YES;
				GCC_WARN_UNINITIALIZED_AUTOS = YES_AGGRESSIVE;
				GCC_WARN_UNUSED_FUNCTION = YES;
				GCC_WARN_UNUSED_VARIABLE = YES;
				MACOSX_DEPLOYMENT_TARGET = 10.12;
				MTL_ENABLE_DEBUG_INFO = NO;
				SDKROOT = macosx;
			};
			name = Release;
		};
		0ADD6AF01DF2564B0050433B /* Debug */ = {
			isa = XCBuildConfiguration;
			buildSettings = {
				DEVELOPMENT_TEAM = SG9F2QBA8C;
				OTHER_CFLAGS = "-Wno-deprecated";
				PRODUCT_NAME = "$(TARGET_NAME)";
			};
			name = Debug;
		};
		0ADD6AF11DF2564B0050433B /* Release */ = {
			isa = XCBuildConfiguration;
			buildSettings = {
				DEVELOPMENT_TEAM = SG9F2QBA8C;
				OTHER_CFLAGS = "-Wno-deprecated";
				PRODUCT_NAME = "$(TARGET_NAME)";
			};
			name = Release;
		};
/* End XCBuildConfiguration section */

/* Begin XCConfigurationList section */
		0ADD6AE31DF2564A0050433B /* Build configuration list for PBXProject "final-project" */ = {
			isa = XCConfigurationList;
			buildConfigurations = (
				0ADD6AED1DF2564B0050433B /* Debug */,
				0ADD6AEE1DF2564B0050433B /* Release */,
			);
			defaultConfigurationIsVisible = 0;
			defaultConfigurationName = Release;
		};
		0ADD6AEF1DF2564B0050433B /* Build configuration list for PBXNativeTarget "final-project" */ = {
			isa = XCConfigurationList;
			buildConfigurations = (
				0ADD6AF01DF2564B0050433B /* Debug */,
				0ADD6AF11DF2564B0050433B /* Release */,
			);
			defaultConfigurationIsVisible = 0;
		};
/* End XCConfigurationList section */
	};
	rootObject = 0ADD6AE01DF2564A0050433B /* Project object */;
}
