// !$*UTF8*$!
{
	archiveVersion = 1;
	classes = {
	};
	objectVersion = 46;
	objects = {

/* Begin PBXBuildFile section */
		0A9773041DDCDBFF00077957 /* main.cpp in Sources */ = {isa = PBXBuildFile; fileRef = 0A9773031DDCDBFF00077957 /* main.cpp */; };
		0A97730C1DDCDC1000077957 /* GLUT.framework in Frameworks */ = {isa = PBXBuildFile; fileRef = 0A97730B1DDCDC1000077957 /* GLUT.framework */; };
		0A97730E1DDCDC1500077957 /* OpenGL.framework in Frameworks */ = {isa = PBXBuildFile; fileRef = 0A97730D1DDCDC1500077957 /* OpenGL.framework */; };
/* End PBXBuildFile section */

/* Begin PBXCopyFilesBuildPhase section */
		0A9772FE1DDCDBFE00077957 /* CopyFiles */ = {
			isa = PBXCopyFilesBuildPhase;
			buildActionMask = 2147483647;
			dstPath = /usr/share/man/man1/;
			dstSubfolderSpec = 0;
			files = (
			);
			runOnlyForDeploymentPostprocessing = 1;
		};
/* End PBXCopyFilesBuildPhase section */

/* Begin PBXFileReference section */
		0A9773001DDCDBFF00077957 /* Project-6 */ = {isa = PBXFileReference; explicitFileType = "compiled.mach-o.executable"; includeInIndex = 0; path = "Project-6"; sourceTree = BUILT_PRODUCTS_DIR; };
		0A9773031DDCDBFF00077957 /* main.cpp */ = {isa = PBXFileReference; lastKnownFileType = sourcecode.cpp.cpp; path = main.cpp; sourceTree = "<group>"; };
		0A97730B1DDCDC1000077957 /* GLUT.framework */ = {isa = PBXFileReference; lastKnownFileType = wrapper.framework; name = GLUT.framework; path = System/Library/Frameworks/GLUT.framework; sourceTree = SDKROOT; };
		0A97730D1DDCDC1500077957 /* OpenGL.framework */ = {isa = PBXFileReference; lastKnownFileType = wrapper.framework; name = OpenGL.framework; path = System/Library/Frameworks/OpenGL.framework; sourceTree = SDKROOT; };
		0A97730F1DDCDC6100077957 /* glut.h */ = {isa = PBXFileReference; lastKnownFileType = sourcecode.c.h; path = glut.h; sourceTree = "<group>"; };
/* End PBXFileReference section */

/* Begin PBXFrameworksBuildPhase section */
		0A9772FD1DDCDBFE00077957 /* Frameworks */ = {
			isa = PBXFrameworksBuildPhase;
			buildActionMask = 2147483647;
			files = (
				0A97730E1DDCDC1500077957 /* OpenGL.framework in Frameworks */,
				0A97730C1DDCDC1000077957 /* GLUT.framework in Frameworks */,
			);
			runOnlyForDeploymentPostprocessing = 0;
		};
/* End PBXFrameworksBuildPhase section */

/* Begin PBXGroup section */
		0A9772F71DDCDBFE00077957 = {
			isa = PBXGroup;
			children = (
				0A9773021DDCDBFF00077957 /* Project-6 */,
				0A9773011DDCDBFF00077957 /* Products */,
				0A97730A1DDCDC1000077957 /* Frameworks */,
			);
			sourceTree = "<group>";
		};
		0A9773011DDCDBFF00077957 /* Products */ = {
			isa = PBXGroup;
			children = (
				0A9773001DDCDBFF00077957 /* Project-6 */,
			);
			name = Products;
			sourceTree = "<group>";
		};
		0A9773021DDCDBFF00077957 /* Project-6 */ = {
			isa = PBXGroup;
			children = (
				0A9773031DDCDBFF00077957 /* main.cpp */,
				0A97730F1DDCDC6100077957 /* glut.h */,
			);
			path = "Project-6";
			sourceTree = "<group>";
		};
		0A97730A1DDCDC1000077957 /* Frameworks */ = {
			isa = PBXGroup;
			children = (
				0A97730D1DDCDC1500077957 /* OpenGL.framework */,
				0A97730B1DDCDC1000077957 /* GLUT.framework */,
			);
			name = Frameworks;
			sourceTree = "<group>";
		};
/* End PBXGroup section */

/* Begin PBXNativeTarget section */
		0A9772FF1DDCDBFE00077957 /* Project-6 */ = {
			isa = PBXNativeTarget;
			buildConfigurationList = 0A9773071DDCDBFF00077957 /* Build configuration list for PBXNativeTarget "Project-6" */;
			buildPhases = (
				0A9772FC1DDCDBFE00077957 /* Sources */,
				0A9772FD1DDCDBFE00077957 /* Frameworks */,
				0A9772FE1DDCDBFE00077957 /* CopyFiles */,
			);
			buildRules = (
			);
			dependencies = (
			);
			name = "Project-6";
			productName = "Project-6";
			productReference = 0A9773001DDCDBFF00077957 /* Project-6 */;
			productType = "com.apple.product-type.tool";
		};
/* End PBXNativeTarget section */

/* Begin PBXProject section */
		0A9772F81DDCDBFE00077957 /* Project object */ = {
			isa = PBXProject;
			attributes = {
				LastUpgradeCheck = 0810;
				ORGANIZATIONNAME = "Kevin Stine";
				TargetAttributes = {
					0A9772FF1DDCDBFE00077957 = {
						CreatedOnToolsVersion = 8.1;
						ProvisioningStyle = Automatic;
					};
				};
			};
			buildConfigurationList = 0A9772FB1DDCDBFE00077957 /* Build configuration list for PBXProject "Project-6" */;
			compatibilityVersion = "Xcode 3.2";
			developmentRegion = English;
			hasScannedForEncodings = 0;
			knownRegions = (
				en,
			);
			mainGroup = 0A9772F71DDCDBFE00077957;
			productRefGroup = 0A9773011DDCDBFF00077957 /* Products */;
			projectDirPath = "";
			projectRoot = "";
			targets = (
				0A9772FF1DDCDBFE00077957 /* Project-6 */,
			);
		};
/* End PBXProject section */

/* Begin PBXSourcesBuildPhase section */
		0A9772FC1DDCDBFE00077957 /* Sources */ = {
			isa = PBXSourcesBuildPhase;
			buildActionMask = 2147483647;
			files = (
				0A9773041DDCDBFF00077957 /* main.cpp in Sources */,
			);
			runOnlyForDeploymentPostprocessing = 0;
		};
/* End PBXSourcesBuildPhase section */

/* Begin XCBuildConfiguration section */
		0A9773051DDCDBFF00077957 /* Debug */ = {
			isa = XCBuildConfiguration;
			buildSettings = {
				ALWAYS_SEARCH_USER_PATHS = NO;
				CLANG_ANALYZER_NONNULL = YES;
				CLANG_CXX_LANGUAGE_STANDARD = "gnu++0x";
				CLANG_CXX_LIBRARY = "libc++";
				CLANG_ENABLE_MODULES = YES;
				CLANG_ENABLE_OBJC_ARC = YES;
				CLANG_WARN_BOOL_CONVERSION = YES;
				CLANG_WARN_CONSTANT_CONVERSION = YES;
				CLANG_WARN_DIRECT_OBJC_ISA_USAGE = YES_ERROR;
				CLANG_WARN_DOCUMENTATION_COMMENTS = YES;
				CLANG_WARN_EMPTY_BODY = YES;
				CLANG_WARN_ENUM_CONVERSION = YES;
				CLANG_WARN_INFINITE_RECURSION = YES;
				CLANG_WARN_INT_CONVERSION = YES;
				CLANG_WARN_OBJC_ROOT_CLASS = YES_ERROR;
				CLANG_WARN_SUSPICIOUS_MOVES = YES;
				CLANG_WARN_UNREACHABLE_CODE = YES;
				CLANG_WARN__DUPLICATE_METHOD_MATCH = YES;
				CODE_SIGN_IDENTITY = "-";
				COPY_PHASE_STRIP = NO;
				DEBUG_INFORMATION_FORMAT = dwarf;
				ENABLE_STRICT_OBJC_MSGSEND = YES;
				ENABLE_TESTABILITY = YES;
				GCC_C_LANGUAGE_STANDARD = gnu99;
				GCC_DYNAMIC_NO_PIC = NO;
				GCC_NO_COMMON_BLOCKS = YES;
				GCC_OPTIMIZATION_LEVEL = 0;
				GCC_PREPROCESSOR_DEFINITIONS = (
					"DEBUG=1",
					"$(inherited)",
				);
				GCC_WARN_64_TO_32_BIT_CONVERSION = YES;
				GCC_WARN_ABOUT_RETURN_TYPE = YES_ERROR;
				GCC_WARN_UNDECLARED_SELECTOR = YES;
				GCC_WARN_UNINITIALIZED_AUTOS = YES_AGGRESSIVE;
				GCC_WARN_UNUSED_FUNCTION = YES;
				GCC_WARN_UNUSED_VARIABLE = YES;
				MACOSX_DEPLOYMENT_TARGET = 10.12;
				MTL_ENABLE_DEBUG_INFO = YES;
				ONLY_ACTIVE_ARCH = YES;
				SDKROOT = macosx;
			};
			name = Debug;
		};
		0A9773061DDCDBFF00077957 /* Release */ = {
			isa = XCBuildConfiguration;
			buildSettings = {
				ALWAYS_SEARCH_USER_PATHS = NO;
				CLANG_ANALYZER_NONNULL = YES;
				CLANG_CXX_LANGUAGE_STANDARD = "gnu++0x";
				CLANG_CXX_LIBRARY = "libc++";
				CLANG_ENABLE_MODULES = YES;
				CLANG_ENABLE_OBJC_ARC = YES;
				CLANG_WARN_BOOL_CONVERSION = YES;
				CLANG_WARN_CONSTANT_CONVERSION = YES;
				CLANG_WARN_DIRECT_OBJC_ISA_USAGE = YES_ERROR;
				CLANG_WARN_DOCUMENTATION_COMMENTS = YES;
				CLANG_WARN_EMPTY_BODY = YES;
				CLANG_WARN_ENUM_CONVERSION = YES;
				CLANG_WARN_INFINITE_RECURSION = YES;
				CLANG_WARN_INT_CONVERSION = YES;
				CLANG_WARN_OBJC_ROOT_CLASS = YES_ERROR;
				CLANG_WARN_SUSPICIOUS_MOVES = YES;
				CLANG_WARN_UNREACHABLE_CODE = YES;
				CLANG_WARN__DUPLICATE_METHOD_MATCH = YES;
				CODE_SIGN_IDENTITY = "-";
				COPY_PHASE_STRIP = NO;
				DEBUG_INFORMATION_FORMAT = "dwarf-with-dsym";
				ENABLE_NS_ASSERTIONS = NO;
				ENABLE_STRICT_OBJC_MSGSEND = YES;
				GCC_C_LANGUAGE_STANDARD = gnu99;
				GCC_NO_COMMON_BLOCKS = YES;
				GCC_WARN_64_TO_32_BIT_CONVERSION = YES;
				GCC_WARN_ABOUT_RETURN_TYPE = YES_ERROR;
				GCC_WARN_UNDECLARED_SELECTOR = YES;
				GCC_WARN_UNINITIALIZED_AUTOS = YES_AGGRESSIVE;
				GCC_WARN_UNUSED_FUNCTION = YES;
				GCC_WARN_UNUSED_VARIABLE = YES;
				MACOSX_DEPLOYMENT_TARGET = 10.12;
				MTL_ENABLE_DEBUG_INFO = NO;
				SDKROOT = macosx;
			};
			name = Release;
		};
		0A9773081DDCDBFF00077957 /* Debug */ = {
			isa = XCBuildConfiguration;
			buildSettings = {
				OTHER_CFLAGS = "-Wno-deprecated";
				PRODUCT_NAME = "$(TARGET_NAME)";
			};
			name = Debug;
		};
		0A9773091DDCDBFF00077957 /* Release */ = {
			isa = XCBuildConfiguration;
			buildSettings = {
				OTHER_CFLAGS = "-Wno-deprecated";
				PRODUCT_NAME = "$(TARGET_NAME)";
			};
			name = Release;
		};
/* End XCBuildConfiguration section */

/* Begin XCConfigurationList section */
		0A9772FB1DDCDBFE00077957 /* Build configuration list for PBXProject "Project-6" */ = {
			isa = XCConfigurationList;
			buildConfigurations = (
				0A9773051DDCDBFF00077957 /* Debug */,
				0A9773061DDCDBFF00077957 /* Release */,
			);
			defaultConfigurationIsVisible = 0;
			defaultConfigurationName = Release;
		};
		0A9773071DDCDBFF00077957 /* Build configuration list for PBXNativeTarget "Project-6" */ = {
			isa = XCConfigurationList;
			buildConfigurations = (
				0A9773081DDCDBFF00077957 /* Debug */,
				0A9773091DDCDBFF00077957 /* Release */,
			);
			defaultConfigurationIsVisible = 0;
		};
/* End XCConfigurationList section */
	};
	rootObject = 0A9772F81DDCDBFE00077957 /* Project object */;
}
